
Microsoft Visual Studio Solution File, Format Version 12.00
# Visual Studio Version 17
VisualStudioVersion = 17.9.34728.123
MinimumVisualStudioVersion = 10.0.40219.1
Project("{FAE04EC0-301F-11D3-BF4B-00C04F79EFBC}") = "AcademicIS", "AcademicIS\AcademicIS.csproj", "{2AE6B2FD-EF64-499C-ABEE-4490C3E0084A}"
EndProject
Global
	GlobalSection(SolutionConfigurationPlatforms) = preSolution
		Debug|Any CPU = Debug|Any CPU
		Release|Any CPU = Release|Any CPU
	EndGlobalSection
	GlobalSection(ProjectConfigurationPlatforms) = postSolution
		{2AE6B2FD-EF64-499C-ABEE-4490C3E0084A}.Debug|Any CPU.ActiveCfg = Debug|Any CPU
		{2AE6B2FD-EF64-499C-ABEE-4490C3E0084A}.Debug|Any CPU.Build.0 = Debug|Any CPU
		{2AE6B2FD-EF64-499C-ABEE-4490C3E0084A}.Release|Any CPU.ActiveCfg = Release|Any CPU
		{2AE6B2FD-EF64-499C-ABEE-4490C3E0084A}.Release|Any CPU.Build.0 = Release|Any CPU
	EndGlobalSection
	GlobalSection(SolutionProperties) = preSolution
		HideSolutionNode = FALSE
	EndGlobalSection
	GlobalSection(ExtensibilityGlobals) = postSolution
		SolutionGuid = {C6DBA8E2-4E85-4D7D-AAAF-500D5503E1B9}
	EndGlobalSection
EndGlobal
